
Microsoft Visual Studio Solution File, Format Version 12.00
# Visual Studio 15
VisualStudioVersion = 15.0.28307.329
MinimumVisualStudioVersion = 10.0.40219.1
Project("{F184B08F-C81C-45F6-A57F-5ABD9991F28F}") = "Shopping Cart", "Shopping Cart\Shopping Cart.vbproj", "{086154FB-F1AB-4D92-B700-07D09AE5C327}"
EndProject
Global
	GlobalSection(SolutionConfigurationPlatforms) = preSolution
		Debug|Any CPU = Debug|Any CPU
		Release|Any CPU = Release|Any CPU
	EndGlobalSection
	GlobalSection(ProjectConfigurationPlatforms) = postSolution
		{086154FB-F1AB-4D92-B700-07D09AE5C327}.Debug|Any CPU.ActiveCfg = Debug|Any CPU
		{086154FB-F1AB-4D92-B700-07D09AE5C327}.Debug|Any CPU.Build.0 = Debug|Any CPU
		{086154FB-F1AB-4D92-B700-07D09AE5C327}.Release|Any CPU.ActiveCfg = Release|Any CPU
		{086154FB-F1AB-4D92-B700-07D09AE5C327}.Release|Any CPU.Build.0 = Release|Any CPU
	EndGlobalSection
	GlobalSection(SolutionProperties) = preSolution
		HideSolutionNode = FALSE
	EndGlobalSection
	GlobalSection(ExtensibilityGlobals) = postSolution
		SolutionGuid = {83FACB4A-C4E9-4984-8A4E-AA9408D1AB74}
	EndGlobalSection
EndGlobal
